# This file is automatically @generated by Poetry 2.2.1 and should not be changed by hand.

[[package]]
name = "click"
version = "8.3.0"
description = "Composable command line interface toolkit"
optional = false
python-versions = ">=3.10"
groups = ["main"]
files = [
    {file = "click-8.3.0-py3-none-any.whl", hash = "sha256:9b9f285302c6e3064f4330c05f05b81945b2a39544279343e6e7c5f27a9baddc"},
    {file = "click-8.3.0.tar.gz", hash = "sha256:e7b8232224eba16f4ebe410c25ced9f7875cb5f3263ffc93cc3e8da705e229c4"},
]

[package.dependencies]
colorama = {version = "*", markers = "platform_system == \"Windows\""}

[[package]]
name = "colorama"
version = "0.4.6"
description = "Cross-platform colored terminal text."
optional = false
python-versions = "!=3.0.*,!=3.1.*,!=3.2.*,!=3.3.*,!=3.4.*,!=3.5.*,!=3.6.*,>=2.7"
groups = ["main"]
markers = "platform_system == \"Windows\" or sys_platform == \"win32\""
files = [
    {file = "colorama-0.4.6-py2.py3-none-any.whl", hash = "sha256:4f1d9991f5acc0ca119f9d443620b77f9d6b33703e51011c16baf57afb285fc6"},
    {file = "colorama-0.4.6.tar.gz", hash = "sha256:08695f5cb7ed6e0531a20572697297273c47b8cae5a63ffc6d6ed5c201be6e44"},
]

[[package]]
name = "cython"
version = "3.1.6"
description = "The Cython compiler for writing C extensions in the Python language."
optional = false
python-versions = ">=3.8"
groups = ["main"]
files = [
    {file = "cython-3.1.6-cp310-cp310-macosx_10_9_x86_64.whl", hash = "sha256:c4027b4d1bf7781fdfb2dbe1c1d81ccac9b910831511747e2c9fc8452fb3ea6b"},
    {file = "cython-3.1.6-cp310-cp310-macosx_11_0_arm64.whl", hash = "sha256:141dea9df09f9c711af3b95510bd417c58b2abd33676eef1cb61f25581f7090a"},
    {file = "cython-3.1.6-cp310-cp310-manylinux1_i686.manylinux_2_28_i686.manylinux_2_5_i686.whl", hash = "sha256:486376a988268408b7e8ea7b4cccffb914aa497c498b41589fb4a862ba47e050"},
    {file = "cython-3.1.6-cp310-cp310-manylinux2014_aarch64.manylinux_2_17_aarch64.manylinux_2_28_aarch64.whl", hash = "sha256:bdc6e63a04ead11812752a5198b85b7fc079688c76712348d072403f18fdeb49"},
    {file = "cython-3.1.6-cp310-cp310-manylinux2014_x86_64.manylinux_2_17_x86_64.manylinux_2_28_x86_64.whl", hash = "sha256:47e79f0bfbf403a5d6008bc9e7214e81e647794ca95cae6716399ba21abcc706"},
    {file = "cython-3.1.6-cp310-cp310-musllinux_1_2_aarch64.whl", hash = "sha256:2379f729f1d5a445adb4621f279f7c23aeb6245f036f96cce14b5b2fd1f5ff0a"},
    {file = "cython-3.1.6-cp310-cp310-musllinux_1_2_i686.whl", hash = "sha256:1089e18d938b6e742f077e398d52e1701080213c4f203755afde6f1b33d9e051"},
    {file = "cython-3.1.6-cp310-cp310-musllinux_1_2_x86_64.whl", hash = "sha256:73576246abbc62397db85cbdde74d2e5d73dabfdb7e593fdbb3671275ffb50ce"},
    {file = "cython-3.1.6-cp310-cp310-win32.whl", hash = "sha256:f48eae3275b3352ba7eb550fc5321b0fb1ba8d916fa9985fb2f02ce42ae69ddd"},
    {file = "cython-3.1.6-cp310-cp310-win_amd64.whl", hash = "sha256:4066908ee24a18572880966de1d0865d178f5ab9828a9249faa97e1ffdfbed9f"},
    {file = "cython-3.1.6-cp311-cp311-macosx_10_9_x86_64.whl", hash = "sha256:5a1aedd8990f470d108b76ca768d9f1766d6610cf2546b73075dbe1e523daebe"},
    {file = "cython-3.1.6-cp311-cp311-macosx_11_0_arm64.whl", hash = "sha256:f75c33e83e224737b1a68b2868bc08bddaabc6f04aef74864ff6069fe2e68341"},
    {file = "cython-3.1.6-cp311-cp311-manylinux1_i686.manylinux_2_28_i686.manylinux_2_5_i686.whl", hash = "sha256:91b8fb3e961b3344bf257b851f2ce679727f44857fec94d643bcc458601dab54"},
    {file = "cython-3.1.6-cp311-cp311-manylinux2014_aarch64.manylinux_2_17_aarch64.manylinux_2_28_aarch64.whl", hash = "sha256:1cfeb04d43464f5ff8398b499ba46c6eef22093da0e74b25f972576e768880e7"},
    {file = "cython-3.1.6-cp311-cp311-manylinux2014_x86_64.manylinux_2_17_x86_64.manylinux_2_28_x86_64.whl", hash = "sha256:f32366c198ac663a540ff4fa6ed55801d113183616c51100f4cc533568d2c4cf"},
    {file = "cython-3.1.6-cp311-cp311-musllinux_1_2_aarch64.whl", hash = "sha256:9856e8cd7f7a95a3f10a8f15fef4d17e5a4a57fb5185fe3482cec4adb0536635"},
    {file = "cython-3.1.6-cp311-cp311-musllinux_1_2_i686.whl", hash = "sha256:6966f4d4ee13eceade2d952dc63bdf313f413c0c3f165aef0d6f62e6f27dab02"},
    {file = "cython-3.1.6-cp311-cp311-musllinux_1_2_x86_64.whl", hash = "sha256:dffb14bc986626be50003f4edc614a2c0a56cbaaf87259f6c763a6d21da14921"},
    {file = "cython-3.1.6-cp311-cp311-win32.whl", hash = "sha256:cde4748d37483b6c91df9f4327768e2828b1e374cb61bcee06d618958de59b7b"},
    {file = "cython-3.1.6-cp311-cp311-win_amd64.whl", hash = "sha256:29d6141b0c9697dfcaf5940eceb06353bec76f51f0579658964c0d29418000df"},
    {file = "cython-3.1.6-cp312-cp312-macosx_10_13_x86_64.whl", hash = "sha256:0d2c32e8f6c65854e8203b381ff7ab540820763756b7c326e2c8dc18c9bbb44e"},
    {file = "cython-3.1.6-cp312-cp312-macosx_11_0_arm64.whl", hash = "sha256:be24fcde7300a81712af279467ebc79baafc8483eb4dfa4daebf8ee90a826d39"},
    {file = "cython-3.1.6-cp312-cp312-manylinux1_i686.manylinux_2_28_i686.manylinux_2_5_i686.whl", hash = "sha256:5012025af433bd7188fe1f7705df1c4a67e7add80c71658f6c6bc35ea876cc68"},
    {file = "cython-3.1.6-cp312-cp312-manylinux2014_aarch64.manylinux_2_17_aarch64.manylinux_2_28_aarch64.whl", hash = "sha256:3b3520e2d4484f927c3ec00d32ffda75ec72cfd6a2ee07adac721cce339fa26f"},
    {file = "cython-3.1.6-cp312-cp312-manylinux2014_x86_64.manylinux_2_17_x86_64.manylinux_2_28_x86_64.whl", hash = "sha256:c8a01d241d775319bcd7adb4144b070e1c4b01cdf841a62032492f07fad9efdc"},
    {file = "cython-3.1.6-cp312-cp312-musllinux_1_2_aarch64.whl", hash = "sha256:fd88799fa7bb177182423e0745c9197c50938c6839ebfbe6fd01539582ed488e"},
    {file = "cython-3.1.6-cp312-cp312-musllinux_1_2_i686.whl", hash = "sha256:f809bae2e00b79c01ff5daf9a260df7c1bc9fda087b9d625592fa28c1a2248a9"},
    {file = "cython-3.1.6-cp312-cp312-musllinux_1_2_x86_64.whl", hash = "sha256:6f657e7a4b2242d159de603f280928d8e458dfba48144714774ad76c08f5a530"},
    {file = "cython-3.1.6-cp312-cp312-win32.whl", hash = "sha256:6502f3e58db0ab3e2c983bec2c8c9e45d602e2c7ff921a5a8515b0008d918102"},
    {file = "cython-3.1.6-cp312-cp312-win_amd64.whl", hash = "sha256:71d099d8d6094c5de63a32e67b29964565aed889a218e8d16a94083f4239b904"},
    {file = "cython-3.1.6-cp313-cp313-macosx_10_13_x86_64.whl", hash = "sha256:14f0d6b9f803eacf48e9e80ea12a03f54e5f5ac48914341b0a6b81554b3b3154"},
    {file = "cython-3.1.6-cp313-cp313-macosx_11_0_arm64.whl", hash = "sha256:ec79615d0e29fa29fd4283bc7a2ed9c3d00532086a0031532d64b724db8c3e8e"},
    {file = "cython-3.1.6-cp313-cp313-manylinux1_i686.manylinux_2_28_i686.manylinux_2_5_i686.whl", hash = "sha256:037d457738cf4fc12260946c6524b745f488cf413428099f2a064af7612d181f"},
    {file = "cython-3.1.6-cp313-cp313-manylinux2014_aarch64.manylinux_2_17_aarch64.manylinux_2_28_aarch64.whl", hash = "sha256:6b036cb4ed7abcbc89cc04311832b22ad386c532fdd1fe690e1364aa992a54c7"},
    {file = "cython-3.1.6-cp313-cp313-manylinux2014_x86_64.manylinux_2_17_x86_64.manylinux_2_28_x86_64.whl", hash = "sha256:e0fb2694327834c5bda7c5a07605f76437354d0ff76bb8739e77b479d176cf52"},
    {file = "cython-3.1.6-cp313-cp313-musllinux_1_2_aarch64.whl", hash = "sha256:92eb7a39e60426165a5b2a219af181e5695c4dedd598e317a7a4d9086bd66b91"},
    {file = "cython-3.1.6-cp313-cp313-musllinux_1_2_i686.whl", hash = "sha256:c475018b28f4e7111148bd02b600595090e0aac6cc49615c4586bb4e7f164a22"},
    {file = "cython-3.1.6-cp313-cp313-musllinux_1_2_x86_64.whl", hash = "sha256:b1b4bb661103cb95c6ca70daf5d39992b2d89fd260b02a54d92e365095ed37eb"},
    {file = "cython-3.1.6-cp313-cp313-win32.whl", hash = "sha256:69b1bea23b51628b8c9f14c3e0bb4c7dd5be63781bfbaa581b1c683b473c728a"},
    {file = "cython-3.1.6-cp313-cp313-win_amd64.whl", hash = "sha256:c844004712a9fe2a6f2ed4d6fe02aabb2e0e34f88c150724aad1afec7caff37a"},
    {file = "cython-3.1.6-cp314-cp314-macosx_10_15_x86_64.whl", hash = "sha256:8893619efa77fc83934c1255c619d522711a5cf5933cef0d5c2b9755e8e5fabc"},
    {file = "cython-3.1.6-cp314-cp314-macosx_11_0_arm64.whl", hash = "sha256:bb49c74220af0b098f406701f0b87876b1c7614716d39786306986b9feea774b"},
    {file = "cython-3.1.6-cp314-cp314-manylinux1_i686.manylinux_2_28_i686.manylinux_2_5_i686.whl", hash = "sha256:defbf9571fca78e8a6e21b93d35c0a491d6af77a8e6180a0146da1b3c8eb8ce6"},
    {file = "cython-3.1.6-cp314-cp314-manylinux2014_aarch64.manylinux_2_17_aarch64.manylinux_2_28_aarch64.whl", hash = "sha256:8cd7ea8c6ce0adf52d142bf37c4d54b8d0356818144a4584a24f2a0b9cdae6b8"},
    {file = "cython-3.1.6-cp314-cp314-manylinux2014_x86_64.manylinux_2_17_x86_64.manylinux_2_28_x86_64.whl", hash = "sha256:9c47fcc47553214e0a139fd33199d825c5d13970cd6c1039d2594af855ffb338"},
    {file = "cython-3.1.6-cp314-cp314-musllinux_1_2_aarch64.whl", hash = "sha256:92489385bca6d1935913540e35701a979618fdfeed4dbec6cad1be924fb487bf"},
    {file = "cython-3.1.6-cp314-cp314-musllinux_1_2_i686.whl", hash = "sha256:926a3efd9b7012cdb3df0d1886e6f0e32e0b72a5d311ac2d3f48c0716fd91c6d"},
    {file = "cython-3.1.6-cp314-cp314-musllinux_1_2_x86_64.whl", hash = "sha256:e35118eedfa0138154a43fb6b14e83703dae93193ba9940c747c170ed845cca7"},
    {file = "cython-3.1.6-cp314-cp314-win32.whl", hash = "sha256:27f2b26442737d6e080900284883e078aae0276dfd7715a49b338f1a9481f7b9"},
    {file = "cython-3.1.6-cp314-cp314-win_amd64.whl", hash = "sha256:7f75ead2a7cad5ee719427b915711c70e40a114f045b2a9b5bd983484a0b83a7"},
    {file = "cython-3.1.6-cp38-cp38-macosx_10_9_x86_64.whl", hash = "sha256:9fdc17c4b0b1b5fba32880b718b89062e001b65695939a3db27586f0b6d0199e"},
    {file = "cython-3.1.6-cp38-cp38-macosx_11_0_arm64.whl", hash = "sha256:8a1b288238f4e33dbb51cf7263582821cc57f98a78d1ede6e64fab424969503c"},
    {file = "cython-3.1.6-cp38-cp38-manylinux1_i686.manylinux_2_28_i686.manylinux_2_5_i686.whl", hash = "sha256:a0e3a2b307c6e48e1a9ad12ca487906f8783b5473157bd4563b680e85949b3bf"},
    {file = "cython-3.1.6-cp38-cp38-manylinux2014_aarch64.manylinux_2_17_aarch64.manylinux_2_28_aarch64.whl", hash = "sha256:81e6fe7eb6bb902fc86b97672f284a5c04c9c5f14e2466fb65e6ee68a27dbff7"},
    {file = "cython-3.1.6-cp38-cp38-manylinux2014_x86_64.manylinux_2_17_x86_64.manylinux_2_28_x86_64.whl", hash = "sha256:a1059d0f5b5cf654c280721e6d07b8b2dfd104b3b8336449dc41e1abf6f09392"},
    {file = "cython-3.1.6-cp38-cp38-musllinux_1_2_aarch64.whl", hash = "sha256:48e7dba361cc6ffaf90623e20a7a663bc19e9a24bcfdabbe87deef4d816abedb"},
    {file = "cython-3.1.6-cp38-cp38-musllinux_1_2_i686.whl", hash = "sha256:162d4207e79894b2094c7152192a40aa0782c9d61b4c5e6fe087a1c4c1d5eb41"},
    {file = "cython-3.1.6-cp38-cp38-musllinux_1_2_x86_64.whl", hash = "sha256:f04b5b7e594ae7a43fe17812f8ab1a3b76b69e487c338b71f0def6edaa4c851d"},
    {file = "cython-3.1.6-cp38-cp38-win32.whl", hash = "sha256:206f44565f9fbb3806c0b7cd7184944ab1e9f53a367a657dd459140fa37ef858"},
    {file = "cython-3.1.6-cp38-cp38-win_amd64.whl", hash = "sha256:ca1ae069ed8ba89343e55513f541ac06674d5888e218ec3bb08810c2dfe53024"},
    {file = "cython-3.1.6-cp39-cp39-macosx_10_9_x86_64.whl", hash = "sha256:f91791319fff49e41acee86f7933e3f2c186610898b899d3dbf209dfcffa1ccd"},
    {file = "cython-3.1.6-cp39-cp39-macosx_11_0_arm64.whl", hash = "sha256:2375531527162296fef6c2b4db6801a704a164235d6981098381a76defe1ed46"},
    {file = "cython-3.1.6-cp39-cp39-manylinux1_i686.manylinux_2_28_i686.manylinux_2_5_i686.whl", hash = "sha256:5ca38c150c486025d937cdf5c82830eea1c69d9f1ab9b34e877365f96c73a63d"},
    {file = "cython-3.1.6-cp39-cp39-manylinux2014_aarch64.manylinux_2_17_aarch64.manylinux_2_28_aarch64.whl", hash = "sha256:f8dd368ec73dbed6f3022d03a37d1ed23285b1e41f736da6f34cb8fc14892bfb"},
    {file = "cython-3.1.6-cp39-cp39-manylinux2014_x86_64.manylinux_2_17_x86_64.manylinux_2_28_x86_64.whl", hash = "sha256:c7735d1b301a99a85a20758cddd9d66a33b36c225efe9de0e17c0abd998f2f32"},
    {file = "cython-3.1.6-cp39-cp39-musllinux_1_2_aarch64.whl", hash = "sha256:6c19cbfb3adcbec754742e9fd096cdb8537e9f7dabcf376c78e02d145ec30c99"},
    {file = "cython-3.1.6-cp39-cp39-musllinux_1_2_i686.whl", hash = "sha256:958cb56acced5faf22c9ec8eace122b9ee7e591b089ee1dcf0ed1b4511122653"},
    {file = "cython-3.1.6-cp39-cp39-musllinux_1_2_x86_64.whl", hash = "sha256:07f8231e45cfedbfbd384c9bcab5c09ebead662ecf4fdf7983e3dc1625a09b13"},
    {file = "cython-3.1.6-cp39-cp39-win32.whl", hash = "sha256:0d28b3f7c580f0a59b4e46524094f7d0a231eb19f679a27bcfc3b13c0599fc88"},
    {file = "cython-3.1.6-cp39-cp39-win_amd64.whl", hash = "sha256:ea8e5e190b0aa628e0cfabd3200453fdbe8efc7ee5a7eef409c4e5a0975d9b57"},
    {file = "cython-3.1.6-py3-none-any.whl", hash = "sha256:91dcf7eb9b6a089ce4e9e1140e571d84c3bca834afb77ec269be7aa9d31a8157"},
    {file = "cython-3.1.6.tar.gz", hash = "sha256:ff4ccffcf98f30ab5723fc45a39c0548a3f6ab14f01d73930c5bfaea455ff01c"},
]

[[package]]
name = "iniconfig"
version = "2.3.0"
description = "brain-dead simple config-ini parsing"
optional = false
python-versions = ">=3.10"
groups = ["main"]
files = [
    {file = "iniconfig-2.3.0-py3-none-any.whl", hash = "sha256:f631c04d2c48c52b84d0d0549c99ff3859c98df65b3101406327ecc7d53fbf12"},
    {file = "iniconfig-2.3.0.tar.gz", hash = "sha256:c76315c77db068650d49c5b56314774a7804df16fee4402c1f19d6d15d8c4730"},
]

[[package]]
name = "joblib"
version = "1.5.2"
description = "Lightweight pipelining with Python functions"
optional = false
python-versions = ">=3.9"
groups = ["main"]
files = [
    {file = "joblib-1.5.2-py3-none-any.whl", hash = "sha256:4e1f0bdbb987e6d843c70cf43714cb276623def372df3c22fe5266b2670bc241"},
    {file = "joblib-1.5.2.tar.gz", hash = "sha256:3faa5c39054b2f03ca547da9b2f52fde67c06240c31853f306aea97f13647b55"},
]

[[package]]
name = "nltk"
version = "3.9.2"
description = "Natural Language Toolkit"
optional = false
python-versions = ">=3.9"
groups = ["main"]
files = [
    {file = "nltk-3.9.2-py3-none-any.whl", hash = "sha256:1e209d2b3009110635ed9709a67a1a3e33a10f799490fa71cf4bec218c11c88a"},
    {file = "nltk-3.9.2.tar.gz", hash = "sha256:0f409e9b069ca4177c1903c3e843eef90c7e92992fa4931ae607da6de49e1419"},
]

[package.dependencies]
click = "*"
joblib = "*"
regex = ">=2021.8.3"
tqdm = "*"

[package.extras]
all = ["matplotlib", "numpy", "pyparsing", "python-crfsuite", "requests", "scikit-learn", "scipy", "twython"]
corenlp = ["requests"]
machine-learning = ["numpy", "python-crfsuite", "scikit-learn", "scipy"]
plot = ["matplotlib"]
tgrep = ["pyparsing"]
twitter = ["twython"]

[[package]]
name = "numpy"
version = "2.3.4"
description = "Fundamental package for array computing in Python"
optional = false
python-versions = ">=3.11"
groups = ["main"]
files = [
    {file = "numpy-2.3.4-cp311-cp311-macosx_10_9_x86_64.whl", hash = "sha256:e78aecd2800b32e8347ce49316d3eaf04aed849cd5b38e0af39f829a4e59f5eb"},
    {file = "numpy-2.3.4-cp311-cp311-macosx_11_0_arm64.whl", hash = "sha256:7fd09cc5d65bda1e79432859c40978010622112e9194e581e3415a3eccc7f43f"},
    {file = "numpy-2.3.4-cp311-cp311-macosx_14_0_arm64.whl", hash = "sha256:1b219560ae2c1de48ead517d085bc2d05b9433f8e49d0955c82e8cd37bd7bf36"},
    {file = "numpy-2.3.4-cp311-cp311-macosx_14_0_x86_64.whl", hash = "sha256:bafa7d87d4c99752d07815ed7a2c0964f8ab311eb8168f41b910bd01d15b6032"},
    {file = "numpy-2.3.4-cp311-cp311-manylinux_2_27_aarch64.manylinux_2_28_aarch64.whl", hash = "sha256:36dc13af226aeab72b7abad501d370d606326a0029b9f435eacb3b8c94b8a8b7"},
    {file = "numpy-2.3.4-cp311-cp311-manylinux_2_27_x86_64.manylinux_2_28_x86_64.whl", hash = "sha256:a7b2f9a18b5ff9824a6af80de4f37f4ec3c2aab05ef08f51c77a093f5b89adda"},
    {file = "numpy-2.3.4-cp311-cp311-musllinux_1_2_aarch64.whl", hash = "sha256:9984bd645a8db6ca15d850ff996856d8762c51a2239225288f08f9050ca240a0"},
    {file = "numpy-2.3.4-cp311-cp311-musllinux_1_2_x86_64.whl", hash = "sha256:64c5825affc76942973a70acf438a8ab618dbd692b84cd5ec40a0a0509edc09a"},
    {file = "numpy-2.3.4-cp311-cp311-win32.whl", hash = "sha256:ed759bf7a70342f7817d88376eb7142fab9fef8320d6019ef87fae05a99874e1"},
    {file = "numpy-2.3.4-cp311-cp311-win_amd64.whl", hash = "sha256:faba246fb30ea2a526c2e9645f61612341de1a83fb1e0c5edf4ddda5a9c10996"},
    {file = "numpy-2.3.4-cp311-cp311-win_arm64.whl", hash = "sha256:4c01835e718bcebe80394fd0ac66c07cbb90147ebbdad3dcecd3f25de2ae7e2c"},
    {file = "numpy-2.3.4-cp312-cp312-macosx_10_13_x86_64.whl", hash = "sha256:ef1b5a3e808bc40827b5fa2c8196151a4c5abe110e1726949d7abddfe5c7ae11"},
    {file = "numpy-2.3.4-cp312-cp312-macosx_11_0_arm64.whl", hash = "sha256:c2f91f496a87235c6aaf6d3f3d89b17dba64996abadccb289f48456cff931ca9"},
    {file = "numpy-2.3.4-cp312-cp312-macosx_14_0_arm64.whl", hash = "sha256:f77e5b3d3da652b474cc80a14084927a5e86a5eccf54ca8ca5cbd697bf7f2667"},
    {file = "numpy-2.3.4-cp312-cp312-macosx_14_0_x86_64.whl", hash = "sha256:8ab1c5f5ee40d6e01cbe96de5863e39b215a4d24e7d007cad56c7184fdf4aeef"},
    {file = "numpy-2.3.4-cp312-cp312-manylinux_2_27_aarch64.manylinux_2_28_aarch64.whl", hash = "sha256:77b84453f3adcb994ddbd0d1c5d11db2d6bda1a2b7fd5ac5bd4649d6f5dc682e"},
    {file = "numpy-2.3.4-cp312-cp312-manylinux_2_27_x86_64.manylinux_2_28_x86_64.whl", hash = "sha256:4121c5beb58a7f9e6dfdee612cb24f4df5cd4db6e8261d7f4d7450a997a65d6a"},
    {file = "numpy-2.3.4-cp312-cp312-musllinux_1_2_aarch64.whl", hash = "sha256:65611ecbb00ac9846efe04db15cbe6186f562f6bb7e5e05f077e53a599225d16"},
    {file = "numpy-2.3.4-cp312-cp312-musllinux_1_2_x86_64.whl", hash = "sha256:dabc42f9c6577bcc13001b8810d300fe814b4cfbe8a92c873f269484594f9786"},
    {file = "numpy-2.3.4-cp312-cp312-win32.whl", hash = "sha256:a49d797192a8d950ca59ee2d0337a4d804f713bb5c3c50e8db26d49666e351dc"},
    {file = "numpy-2.3.4-cp312-cp312-win_amd64.whl", hash = "sha256:985f1e46358f06c2a09921e8921e2c98168ed4ae12ccd6e5e87a4f1857923f32"},
    {file = "numpy-2.3.4-cp312-cp312-win_arm64.whl", hash = "sha256:4635239814149e06e2cb9db3dd584b2fa64316c96f10656983b8026a82e6e4db"},
    {file = "numpy-2.3.4-cp313-cp313-macosx_10_13_x86_64.whl", hash = "sha256:c090d4860032b857d94144d1a9976b8e36709e40386db289aaf6672de2a81966"},
    {file = "numpy-2.3.4-cp313-cp313-macosx_11_0_arm64.whl", hash = "sha256:a13fc473b6db0be619e45f11f9e81260f7302f8d180c49a22b6e6120022596b3"},
    {file = "numpy-2.3.4-cp313-cp313-macosx_14_0_arm64.whl", hash = "sha256:3634093d0b428e6c32c3a69b78e554f0cd20ee420dcad5a9f3b2a63762ce4197"},
    {file = "numpy-2.3.4-cp313-cp313-macosx_14_0_x86_64.whl", hash = "sha256:043885b4f7e6e232d7df4f51ffdef8c36320ee9d5f227b380ea636722c7ed12e"},
    {file = "numpy-2.3.4-cp313-cp313-manylinux_2_27_aarch64.manylinux_2_28_aarch64.whl", hash = "sha256:4ee6a571d1e4f0ea6d5f22d6e5fbd6ed1dc2b18542848e1e7301bd190500c9d7"},
    {file = "numpy-2.3.4-cp313-cp313-manylinux_2_27_x86_64.manylinux_2_28_x86_64.whl", hash = "sha256:fc8a63918b04b8571789688b2780ab2b4a33ab44bfe8ccea36d3eba51228c953"},
    {file = "numpy-2.3.4-cp313-cp313-musllinux_1_2_aarch64.whl", hash = "sha256:40cc556d5abbc54aabe2b1ae287042d7bdb80c08edede19f0c0afb36ae586f37"},
    {file = "numpy-2.3.4-cp313-cp313-musllinux_1_2_x86_64.whl", hash = "sha256:ecb63014bb7f4ce653f8be7f1df8cbc6093a5a2811211770f6606cc92b5a78fd"},
    {file = "numpy-2.3.4-cp313-cp313-win32.whl", hash = "sha256:e8370eb6925bb8c1c4264fec52b0384b44f675f191df91cbe0140ec9f0955646"},
    {file = "numpy-2.3.4-cp313-cp313-win_amd64.whl", hash = "sha256:56209416e81a7893036eea03abcb91c130643eb14233b2515c90dcac963fe99d"},
    {file = "numpy-2.3.4-cp313-cp313-win_arm64.whl", hash = "sha256:a700a4031bc0fd6936e78a752eefb79092cecad2599ea9c8039c548bc097f9bc"},
    {file = "numpy-2.3.4-cp313-cp313t-macosx_10_13_x86_64.whl", hash = "sha256:86966db35c4040fdca64f0816a1c1dd8dbd027d90fca5a57e00e1ca4cd41b879"},
    {file = "numpy-2.3.4-cp313-cp313t-macosx_11_0_arm64.whl", hash = "sha256:838f045478638b26c375ee96ea89464d38428c69170360b23a1a50fa4baa3562"},
    {file = "numpy-2.3.4-cp313-cp313t-macosx_14_0_arm64.whl", hash = "sha256:d7315ed1dab0286adca467377c8381cd748f3dc92235f22a7dfc42745644a96a"},
    {file = "numpy-2.3.4-cp313-cp313t-macosx_14_0_x86_64.whl", hash = "sha256:84f01a4d18b2cc4ade1814a08e5f3c907b079c847051d720fad15ce37aa930b6"},
    {file = "numpy-2.3.4-cp313-cp313t-manylinux_2_27_aarch64.manylinux_2_28_aarch64.whl", hash = "sha256:817e719a868f0dacde4abdfc5c1910b301877970195db9ab6a5e2c4bd5b121f7"},
    {file = "numpy-2.3.4-cp313-cp313t-manylinux_2_27_x86_64.manylinux_2_28_x86_64.whl", hash = "sha256:85e071da78d92a214212cacea81c6da557cab307f2c34b5f85b628e94803f9c0"},
    {file = "numpy-2.3.4-cp313-cp313t-musllinux_1_2_aarch64.whl", hash = "sha256:2ec646892819370cf3558f518797f16597b4e4669894a2ba712caccc9da53f1f"},
    {file = "numpy-2.3.4-cp313-cp313t-musllinux_1_2_x86_64.whl", hash = "sha256:035796aaaddfe2f9664b9a9372f089cfc88bd795a67bd1bfe15e6e770934cf64"},
    {file = "numpy-2.3.4-cp313-cp313t-win32.whl", hash = "sha256:fea80f4f4cf83b54c3a051f2f727870ee51e22f0248d3114b8e755d160b38cfb"},
    {file = "numpy-2.3.4-cp313-cp313t-win_amd64.whl", hash = "sha256:15eea9f306b98e0be91eb344a94c0e630689ef302e10c2ce5f7e11905c704f9c"},
    {file = "numpy-2.3.4-cp313-cp313t-win_arm64.whl", hash = "sha256:b6c231c9c2fadbae4011ca5e7e83e12dc4a5072f1a1d85a0a7b3ed754d145a40"},
    {file = "numpy-2.3.4-cp314-cp314-macosx_10_15_x86_64.whl", hash = "sha256:81c3e6d8c97295a7360d367f9f8553973651b76907988bb6066376bc2252f24e"},
    {file = "numpy-2.3.4-cp314-cp314-macosx_11_0_arm64.whl", hash = "sha256:7c26b0b2bf58009ed1f38a641f3db4be8d960a417ca96d14e5b06df1506d41ff"},
    {file = "numpy-2.3.4-cp314-cp314-macosx_14_0_arm64.whl", hash = "sha256:62b2198c438058a20b6704351b35a1d7db881812d8512d67a69c9de1f18ca05f"},
    {file = "numpy-2.3.4-cp314-cp314-macosx_14_0_x86_64.whl", hash = "sha256:9d729d60f8d53a7361707f4b68a9663c968882dd4f09e0d58c044c8bf5faee7b"},
    {file = "numpy-2.3.4-cp314-cp314-manylinux_2_27_aarch64.manylinux_2_28_aarch64.whl", hash = "sha256:bd0c630cf256b0a7fd9d0a11c9413b42fef5101219ce6ed5a09624f5a65392c7"},
    {file = "numpy-2.3.4-cp314-cp314-manylinux_2_27_x86_64.manylinux_2_28_x86_64.whl", hash = "sha256:d5e081bc082825f8b139f9e9fe42942cb4054524598aaeb177ff476cc76d09d2"},
    {file = "numpy-2.3.4-cp314-cp314-musllinux_1_2_aarch64.whl", hash = "sha256:15fb27364ed84114438fff8aaf998c9e19adbeba08c0b75409f8c452a8692c52"},
    {file = "numpy-2.3.4-cp314-cp314-musllinux_1_2_x86_64.whl", hash = "sha256:85d9fb2d8cd998c84d13a79a09cc0c1091648e848e4e6249b0ccd7f6b487fa26"},
    {file = "numpy-2.3.4-cp314-cp314-win32.whl", hash = "sha256:e73d63fd04e3a9d6bc187f5455d81abfad05660b212c8804bf3b407e984cd2bc"},
    {file = "numpy-2.3.4-cp314-cp314-win_amd64.whl", hash = "sha256:3da3491cee49cf16157e70f607c03a217ea6647b1cea4819c4f48e53d49139b9"},
    {file = "numpy-2.3.4-cp314-cp314-win_arm64.whl", hash = "sha256:6d9cd732068e8288dbe2717177320723ccec4fb064123f0caf9bbd90ab5be868"},
    {file = "numpy-2.3.4-cp314-cp314t-macosx_10_15_x86_64.whl", hash = "sha256:22758999b256b595cf0b1d102b133bb61866ba5ceecf15f759623b64c020c9ec"},
    {file = "numpy-2.3.4-cp314-cp314t-macosx_11_0_arm64.whl", hash = "sha256:9cb177bc55b010b19798dc5497d540dea67fd13a8d9e882b2dae71de0cf09eb3"},
    {file = "numpy-2.3.4-cp314-cp314t-macosx_14_0_arm64.whl", hash = "sha256:0f2bcc76f1e05e5ab58893407c63d90b2029908fa41f9f1cc51eecce936c3365"},
    {file = "numpy-2.3.4-cp314-cp314t-macosx_14_0_x86_64.whl", hash = "sha256:8dc20bde86802df2ed8397a08d793da0ad7a5fd4ea3ac85d757bf5dd4ad7c252"},
    {file = "numpy-2.3.4-cp314-cp314t-manylinux_2_27_aarch64.manylinux_2_28_aarch64.whl", hash = "sha256:5e199c087e2aa71c8f9ce1cb7a8e10677dc12457e7cc1be4798632da37c3e86e"},
    {file = "numpy-2.3.4-cp314-cp314t-manylinux_2_27_x86_64.manylinux_2_28_x86_64.whl", hash = "sha256:85597b2d25ddf655495e2363fe044b0ae999b75bc4d630dc0d886484b03a5eb0"},
    {file = "numpy-2.3.4-cp314-cp314t-musllinux_1_2_aarch64.whl", hash = "sha256:04a69abe45b49c5955923cf2c407843d1c85013b424ae8a560bba16c92fe44a0"},
    {file = "numpy-2.3.4-cp314-cp314t-musllinux_1_2_x86_64.whl", hash = "sha256:e1708fac43ef8b419c975926ce1eaf793b0c13b7356cfab6ab0dc34c0a02ac0f"},
    {file = "numpy-2.3.4-cp314-cp314t-win32.whl", hash = "sha256:863e3b5f4d9915aaf1b8ec79ae560ad21f0b8d5e3adc31e73126491bb86dee1d"},
    {file = "numpy-2.3.4-cp314-cp314t-win_amd64.whl", hash = "sha256:962064de37b9aef801d33bc579690f8bfe6c5e70e29b61783f60bcba838a14d6"},
    {file = "numpy-2.3.4-cp314-cp314t-win_arm64.whl", hash = "sha256:8b5a9a39c45d852b62693d9b3f3e0fe052541f804296ff401a72a1b60edafb29"},
    {file = "numpy-2.3.4-pp311-pypy311_pp73-macosx_10_15_x86_64.whl", hash = "sha256:6e274603039f924c0fe5cb73438fa9246699c78a6df1bd3decef9ae592ae1c05"},
    {file = "numpy-2.3.4-pp311-pypy311_pp73-macosx_11_0_arm64.whl", hash = "sha256:d149aee5c72176d9ddbc6803aef9c0f6d2ceeea7626574fc68518da5476fa346"},
    {file = "numpy-2.3.4-pp311-pypy311_pp73-macosx_14_0_arm64.whl", hash = "sha256:6d34ed9db9e6395bb6cd33286035f73a59b058169733a9db9f85e650b88df37e"},
    {file = "numpy-2.3.4-pp311-pypy311_pp73-macosx_14_0_x86_64.whl", hash = "sha256:fdebe771ca06bb8d6abce84e51dca9f7921fe6ad34a0c914541b063e9a68928b"},
    {file = "numpy-2.3.4-pp311-pypy311_pp73-manylinux_2_27_aarch64.manylinux_2_28_aarch64.whl", hash = "sha256:957e92defe6c08211eb77902253b14fe5b480ebc5112bc741fd5e9cd0608f847"},
    {file = "numpy-2.3.4-pp311-pypy311_pp73-manylinux_2_27_x86_64.manylinux_2_28_x86_64.whl", hash = "sha256:13b9062e4f5c7ee5c7e5be96f29ba71bc5a37fed3d1d77c37390ae00724d296d"},
    {file = "numpy-2.3.4-pp311-pypy311_pp73-win_amd64.whl", hash = "sha256:81b3a59793523e552c4a96109dde028aa4448ae06ccac5a76ff6532a85558a7f"},
    {file = "numpy-2.3.4.tar.gz", hash = "sha256:a7d018bfedb375a8d979ac758b120ba846a7fe764911a64465fd87b8729f4a6a"},
]

[[package]]
name = "packaging"
version = "25.0"
description = "Core utilities for Python packages"
optional = false
python-versions = ">=3.8"
groups = ["main"]
files = [
    {file = "packaging-25.0-py3-none-any.whl", hash = "sha256:29572ef2b1f17581046b3a2227d5c611fb25ec70ca1ba8554b24b0e69331a484"},
    {file = "packaging-25.0.tar.gz", hash = "sha256:d443872c98d677bf60f6a1f2f8c1cb748e8fe762d2bf9d3148b5599295b0fc4f"},
]

[[package]]
name = "pluggy"
version = "1.6.0"
description = "plugin and hook calling mechanisms for python"
optional = false
python-versions = ">=3.9"
groups = ["main"]
files = [
    {file = "pluggy-1.6.0-py3-none-any.whl", hash = "sha256:e920276dd6813095e9377c0bc5566d94c932c33b27a3e3945d8389c374dd4746"},
    {file = "pluggy-1.6.0.tar.gz", hash = "sha256:7dcc130b76258d33b90f61b658791dede3486c3e6bfb003ee5c9bfb396dd22f3"},
]

[package.extras]
dev = ["pre-commit", "tox"]
testing = ["coverage", "pytest", "pytest-benchmark"]

[[package]]
name = "pygments"
version = "2.19.2"
description = "Pygments is a syntax highlighting package written in Python."
optional = false
python-versions = ">=3.8"
groups = ["main"]
files = [
    {file = "pygments-2.19.2-py3-none-any.whl", hash = "sha256:86540386c03d588bb81d44bc3928634ff26449851e99741617ecb9037ee5ec0b"},
    {file = "pygments-2.19.2.tar.gz", hash = "sha256:636cb2477cec7f8952536970bc533bc43743542f70392ae026374600add5b887"},
]

[package.extras]
windows-terminal = ["colorama (>=0.4.6)"]

[[package]]
name = "pytest"
version = "9.0.0"
description = "pytest: simple powerful testing with Python"
optional = false
python-versions = ">=3.10"
groups = ["main"]
files = [
    {file = "pytest-9.0.0-py3-none-any.whl", hash = "sha256:e5ccdf10b0bac554970ee88fc1a4ad0ee5d221f8ef22321f9b7e4584e19d7f96"},
    {file = "pytest-9.0.0.tar.gz", hash = "sha256:8f44522eafe4137b0f35c9ce3072931a788a21ee40a2ed279e817d3cc16ed21e"},
]

[package.dependencies]
colorama = {version = ">=0.4", markers = "sys_platform == \"win32\""}
iniconfig = ">=1.0.1"
packaging = ">=22"
pluggy = ">=1.5,<2"
pygments = ">=2.7.2"

[package.extras]
dev = ["argcomplete", "attrs (>=19.2)", "hypothesis (>=3.56)", "mock", "requests", "setuptools", "xmlschema"]

[[package]]
name = "regex"
version = "2025.10.23"
description = "Alternative regular expression module, to replace re."
optional = false
python-versions = ">=3.9"
groups = ["main"]
files = [
    {file = "regex-2025.10.23-cp310-cp310-macosx_10_9_universal2.whl", hash = "sha256:17bbcde374bef1c5fad9b131f0e28a6a24856dd90368d8c0201e2b5a69533daa"},
    {file = "regex-2025.10.23-cp310-cp310-macosx_10_9_x86_64.whl", hash = "sha256:b4e10434279cc8567f99ca6e018e9025d14f2fded2a603380b6be2090f476426"},
    {file = "regex-2025.10.23-cp310-cp310-macosx_11_0_arm64.whl", hash = "sha256:9c9bb421cbe7012c744a5a56cf4d6c80829c72edb1a2991677299c988d6339c8"},
    {file = "regex-2025.10.23-cp310-cp310-manylinux2014_aarch64.manylinux_2_17_aarch64.manylinux_2_28_aarch64.whl", hash = "sha256:275cd1c2ed8c4a78ebfa489618d7aee762e8b4732da73573c3e38236ec5f65de"},
    {file = "regex-2025.10.23-cp310-cp310-manylinux2014_ppc64le.manylinux_2_17_ppc64le.manylinux_2_28_ppc64le.whl", hash = "sha256:7b426ae7952f3dc1e73a86056d520bd4e5f021397484a6835902fc5648bcacce"},
    {file = "regex-2025.10.23-cp310-cp310-manylinux2014_s390x.manylinux_2_17_s390x.manylinux_2_28_s390x.whl", hash = "sha256:c5cdaf5b6d37c7da1967dbe729d819461aab6a98a072feef65bbcff0a6e60649"},
    {file = "regex-2025.10.23-cp310-cp310-manylinux2014_x86_64.manylinux_2_17_x86_64.manylinux_2_28_x86_64.whl", hash = "sha256:3bfeff0b08f296ab28b4332a7e03ca31c437ee78b541ebc874bbf540e5932f8d"},
    {file = "regex-2025.10.23-cp310-cp310-manylinux2014_x86_64.manylinux_2_17_x86_64.whl", hash = "sha256:5f97236a67307b775f30a74ef722b64b38b7ab7ba3bb4a2508518a5de545459c"},
    {file = "regex-2025.10.23-cp310-cp310-musllinux_1_2_aarch64.whl", hash = "sha256:be19e7de499940cd72475fb8e46ab2ecb1cf5906bebdd18a89f9329afb1df82f"},
    {file = "regex-2025.10.23-cp310-cp310-musllinux_1_2_ppc64le.whl", hash = "sha256:883df76ee42d9ecb82b37ff8d01caea5895b3f49630a64d21111078bbf8ef64c"},
    {file = "regex-2025.10.23-cp310-cp310-musllinux_1_2_s390x.whl", hash = "sha256:2e9117d1d35fc2addae6281019ecc70dc21c30014b0004f657558b91c6a8f1a7"},
    {file = "regex-2025.10.23-cp310-cp310-musllinux_1_2_x86_64.whl", hash = "sha256:0ff1307f531a5d8cf5c20ea517254551ff0a8dc722193aab66c656c5a900ea68"},
    {file = "regex-2025.10.23-cp310-cp310-win32.whl", hash = "sha256:7888475787cbfee4a7cd32998eeffe9a28129fa44ae0f691b96cb3939183ef41"},
    {file = "regex-2025.10.23-cp310-cp310-win_amd64.whl", hash = "sha256:ec41a905908496ce4906dab20fb103c814558db1d69afc12c2f384549c17936a"},
    {file = "regex-2025.10.23-cp310-cp310-win_arm64.whl", hash = "sha256:b2b7f19a764d5e966d5a62bf2c28a8b4093cc864c6734510bdb4aeb840aec5e6"},
    {file = "regex-2025.10.23-cp311-cp311-macosx_10_9_universal2.whl", hash = "sha256:6c531155bf9179345e85032052a1e5fe1a696a6abf9cea54b97e8baefff970fd"},
    {file = "regex-2025.10.23-cp311-cp311-macosx_10_9_x86_64.whl", hash = "sha256:912e9df4e89d383681268d38ad8f5780d7cccd94ba0e9aa09ca7ab7ab4f8e7eb"},
    {file = "regex-2025.10.23-cp311-cp311-macosx_11_0_arm64.whl", hash = "sha256:4f375c61bfc3138b13e762fe0ae76e3bdca92497816936534a0177201666f44f"},
    {file = "regex-2025.10.23-cp311-cp311-manylinux2014_aarch64.manylinux_2_17_aarch64.manylinux_2_28_aarch64.whl", hash = "sha256:e248cc9446081119128ed002a3801f8031e0c219b5d3c64d3cc627da29ac0a33"},
    {file = "regex-2025.10.23-cp311-cp311-manylinux2014_ppc64le.manylinux_2_17_ppc64le.manylinux_2_28_ppc64le.whl", hash = "sha256:b52bf9282fdf401e4f4e721f0f61fc4b159b1307244517789702407dd74e38ca"},
    {file = "regex-2025.10.23-cp311-cp311-manylinux2014_s390x.manylinux_2_17_s390x.manylinux_2_28_s390x.whl", hash = "sha256:5c084889ab2c59765a0d5ac602fd1c3c244f9b3fcc9a65fdc7ba6b74c5287490"},
    {file = "regex-2025.10.23-cp311-cp311-manylinux2014_x86_64.manylinux_2_17_x86_64.manylinux_2_28_x86_64.whl", hash = "sha256:d80e8eb79009bdb0936658c44ca06e2fbbca67792013e3818eea3f5f228971c2"},
    {file = "regex-2025.10.23-cp311-cp311-musllinux_1_2_aarch64.whl", hash = "sha256:b6f259118ba87b814a8ec475380aee5f5ae97a75852a3507cf31d055b01b5b40"},
    {file = "regex-2025.10.23-cp311-cp311-musllinux_1_2_ppc64le.whl", hash = "sha256:9b8c72a242683dcc72d37595c4f1278dfd7642b769e46700a8df11eab19dfd82"},
    {file = "regex-2025.10.23-cp311-cp311-musllinux_1_2_s390x.whl", hash = "sha256:a8d7b7a0a3df9952f9965342159e0c1f05384c0f056a47ce8b61034f8cecbe83"},
    {file = "regex-2025.10.23-cp311-cp311-musllinux_1_2_x86_64.whl", hash = "sha256:413bfea20a484c524858125e92b9ce6ffdd0a4b97d4ff96b5859aa119b0f1bdd"},
    {file = "regex-2025.10.23-cp311-cp311-win32.whl", hash = "sha256:f76deef1f1019a17dad98f408b8f7afc4bd007cbe835ae77b737e8c7f19ae575"},
    {file = "regex-2025.10.23-cp311-cp311-win_amd64.whl", hash = "sha256:59bba9f7125536f23fdab5deeea08da0c287a64c1d3acc1c7e99515809824de8"},
    {file = "regex-2025.10.23-cp311-cp311-win_arm64.whl", hash = "sha256:b103a752b6f1632ca420225718d6ed83f6a6ced3016dd0a4ab9a6825312de566"},
    {file = "regex-2025.10.23-cp312-cp312-macosx_10_13_universal2.whl", hash = "sha256:7a44d9c00f7a0a02d3b777429281376370f3d13d2c75ae74eb94e11ebcf4a7fc"},
    {file = "regex-2025.10.23-cp312-cp312-macosx_10_13_x86_64.whl", hash = "sha256:b83601f84fde939ae3478bb32a3aef36f61b58c3208d825c7e8ce1a735f143f2"},
    {file = "regex-2025.10.23-cp312-cp312-macosx_11_0_arm64.whl", hash = "sha256:ec13647907bb9d15fd192bbfe89ff06612e098a5709e7d6ecabbdd8f7908fc45"},
    {file = "regex-2025.10.23-cp312-cp312-manylinux2014_aarch64.manylinux_2_17_aarch64.manylinux_2_28_aarch64.whl", hash = "sha256:78d76dd2957d62501084e7012ddafc5fcd406dd982b7a9ca1ea76e8eaaf73e7e"},
    {file = "regex-2025.10.23-cp312-cp312-manylinux2014_ppc64le.manylinux_2_17_ppc64le.manylinux_2_28_ppc64le.whl", hash = "sha256:8668e5f067e31a47699ebb354f43aeb9c0ef136f915bd864243098524482ac43"},
    {file = "regex-2025.10.23-cp312-cp312-manylinux2014_s390x.manylinux_2_17_s390x.manylinux_2_28_s390x.whl", hash = "sha256:a32433fe3deb4b2d8eda88790d2808fed0dc097e84f5e683b4cd4f42edef6cca"},
    {file = "regex-2025.10.23-cp312-cp312-manylinux2014_x86_64.manylinux_2_17_x86_64.manylinux_2_28_x86_64.whl", hash = "sha256:d97d73818c642c938db14c0668167f8d39520ca9d983604575ade3fda193afcc"},
    {file = "regex-2025.10.23-cp312-cp312-musllinux_1_2_aarch64.whl", hash = "sha256:bca7feecc72ee33579e9f6ddf8babbe473045717a0e7dbc347099530f96e8b9a"},
    {file = "regex-2025.10.23-cp312-cp312-musllinux_1_2_ppc64le.whl", hash = "sha256:7e24af51e907d7457cc4a72691ec458320b9ae67dc492f63209f01eecb09de32"},
    {file = "regex-2025.10.23-cp312-cp312-musllinux_1_2_s390x.whl", hash = "sha256:d10bcde58bbdf18146f3a69ec46dd03233b94a4a5632af97aa5378da3a47d288"},
    {file = "regex-2025.10.23-cp312-cp312-musllinux_1_2_x86_64.whl", hash = "sha256:44383bc0c933388516c2692c9a7503e1f4a67e982f20b9a29d2fb70c6494f147"},
    {file = "regex-2025.10.23-cp312-cp312-win32.whl", hash = "sha256:6040a86f95438a0114bba16e51dfe27f1bc004fd29fe725f54a586f6d522b079"},
    {file = "regex-2025.10.23-cp312-cp312-win_amd64.whl", hash = "sha256:436b4c4352fe0762e3bfa34a5567079baa2ef22aa9c37cf4d128979ccfcad842"},
    {file = "regex-2025.10.23-cp312-cp312-win_arm64.whl", hash = "sha256:f4b1b1991617055b46aff6f6db24888c1f05f4db9801349d23f09ed0714a9335"},
    {file = "regex-2025.10.23-cp313-cp313-macosx_10_13_universal2.whl", hash = "sha256:b7690f95404a1293923a296981fd943cca12c31a41af9c21ba3edd06398fc193"},
    {file = "regex-2025.10.23-cp313-cp313-macosx_10_13_x86_64.whl", hash = "sha256:1a32d77aeaea58a13230100dd8797ac1a84c457f3af2fdf0d81ea689d5a9105b"},
    {file = "regex-2025.10.23-cp313-cp313-macosx_11_0_arm64.whl", hash = "sha256:b24b29402f264f70a3c81f45974323b41764ff7159655360543b7cabb73e7d2f"},
    {file = "regex-2025.10.23-cp313-cp313-manylinux2014_aarch64.manylinux_2_17_aarch64.manylinux_2_28_aarch64.whl", hash = "sha256:563824a08c7c03d96856d84b46fdb3bbb7cfbdf79da7ef68725cda2ce169c72a"},
    {file = "regex-2025.10.23-cp313-cp313-manylinux2014_ppc64le.manylinux_2_17_ppc64le.manylinux_2_28_ppc64le.whl", hash = "sha256:a0ec8bdd88d2e2659c3518087ee34b37e20bd169419ffead4240a7004e8ed03b"},
    {file = "regex-2025.10.23-cp313-cp313-manylinux2014_s390x.manylinux_2_17_s390x.manylinux_2_28_s390x.whl", hash = "sha256:b577601bfe1d33913fcd9276d7607bbac827c4798d9e14d04bf37d417a6c41cb"},
    {file = "regex-2025.10.23-cp313-cp313-manylinux2014_x86_64.manylinux_2_17_x86_64.manylinux_2_28_x86_64.whl", hash = "sha256:7c9f2c68ac6cb3de94eea08a437a75eaa2bd33f9e97c84836ca0b610a5804368"},
    {file = "regex-2025.10.23-cp313-cp313-musllinux_1_2_aarch64.whl", hash = "sha256:89f8b9ea3830c79468e26b0e21c3585f69f105157c2154a36f6b7839f8afb351"},
    {file = "regex-2025.10.23-cp313-cp313-musllinux_1_2_ppc64le.whl", hash = "sha256:98fd84c4e4ea185b3bb5bf065261ab45867d8875032f358a435647285c722673"},
    {file = "regex-2025.10.23-cp313-cp313-musllinux_1_2_s390x.whl", hash = "sha256:1e11d3e5887b8b096f96b4154dfb902f29c723a9556639586cd140e77e28b313"},
    {file = "regex-2025.10.23-cp313-cp313-musllinux_1_2_x86_64.whl", hash = "sha256:4f13450328a6634348d47a88367e06b64c9d84980ef6a748f717b13f8ce64e87"},
    {file = "regex-2025.10.23-cp313-cp313-win32.whl", hash = "sha256:37be9296598a30c6a20236248cb8b2c07ffd54d095b75d3a2a2ee5babdc51df1"},
    {file = "regex-2025.10.23-cp313-cp313-win_amd64.whl", hash = "sha256:ea7a3c283ce0f06fe789365841e9174ba05f8db16e2fd6ae00a02df9572c04c0"},
    {file = "regex-2025.10.23-cp313-cp313-win_arm64.whl", hash = "sha256:d9a4953575f300a7bab71afa4cd4ac061c7697c89590a2902b536783eeb49a4f"},
    {file = "regex-2025.10.23-cp313-cp313t-macosx_10_13_universal2.whl", hash = "sha256:7d6606524fa77b3912c9ef52a42ef63c6cfbfc1077e9dc6296cd5da0da286044"},
    {file = "regex-2025.10.23-cp313-cp313t-macosx_10_13_x86_64.whl", hash = "sha256:c037aadf4d64bdc38af7db3dbd34877a057ce6524eefcb2914d6d41c56f968cc"},
    {file = "regex-2025.10.23-cp313-cp313t-macosx_11_0_arm64.whl", hash = "sha256:99018c331fb2529084a0c9b4c713dfa49fafb47c7712422e49467c13a636c656"},
    {file = "regex-2025.10.23-cp313-cp313t-manylinux2014_aarch64.manylinux_2_17_aarch64.manylinux_2_28_aarch64.whl", hash = "sha256:fd8aba965604d70306eb90a35528f776e59112a7114a5162824d43b76fa27f58"},
    {file = "regex-2025.10.23-cp313-cp313t-manylinux2014_ppc64le.manylinux_2_17_ppc64le.manylinux_2_28_ppc64le.whl", hash = "sha256:238e67264b4013e74136c49f883734f68656adf8257bfa13b515626b31b20f8e"},
    {file = "regex-2025.10.23-cp313-cp313t-manylinux2014_s390x.manylinux_2_17_s390x.manylinux_2_28_s390x.whl", hash = "sha256:b2eb48bd9848d66fd04826382f5e8491ae633de3233a3d64d58ceb4ecfa2113a"},
    {file = "regex-2025.10.23-cp313-cp313t-manylinux2014_x86_64.manylinux_2_17_x86_64.manylinux_2_28_x86_64.whl", hash = "sha256:d36591ce06d047d0c0fe2fc5f14bfbd5b4525d08a7b6a279379085e13f0e3d0e"},
    {file = "regex-2025.10.23-cp313-cp313t-musllinux_1_2_aarch64.whl", hash = "sha256:b5d4ece8628d6e364302006366cea3ee887db397faebacc5dacf8ef19e064cf8"},
    {file = "regex-2025.10.23-cp313-cp313t-musllinux_1_2_ppc64le.whl", hash = "sha256:39a7e8083959cb1c4ff74e483eecb5a65d3b3e1d821b256e54baf61782c906c6"},
    {file = "regex-2025.10.23-cp313-cp313t-musllinux_1_2_s390x.whl", hash = "sha256:842d449a8fefe546f311656cf8c0d6729b08c09a185f1cad94c756210286d6a8"},
    {file = "regex-2025.10.23-cp313-cp313t-musllinux_1_2_x86_64.whl", hash = "sha256:d614986dc68506be8f00474f4f6960e03e4ca9883f7df47744800e7d7c08a494"},
    {file = "regex-2025.10.23-cp313-cp313t-win32.whl", hash = "sha256:a5b7a26b51a9df473ec16a1934d117443a775ceb7b39b78670b2e21893c330c9"},
    {file = "regex-2025.10.23-cp313-cp313t-win_amd64.whl", hash = "sha256:ce81c5544a5453f61cb6f548ed358cfb111e3b23f3cd42d250a4077a6be2a7b6"},
    {file = "regex-2025.10.23-cp313-cp313t-win_arm64.whl", hash = "sha256:e9bf7f6699f490e4e43c44757aa179dab24d1960999c84ab5c3d5377714ed473"},
    {file = "regex-2025.10.23-cp314-cp314-macosx_10_13_universal2.whl", hash = "sha256:5b5cb5b6344c4c4c24b2dc87b0bfee78202b07ef7633385df70da7fcf6f7cec6"},
    {file = "regex-2025.10.23-cp314-cp314-macosx_10_13_x86_64.whl", hash = "sha256:a6ce7973384c37bdf0f371a843f95a6e6f4e1489e10e0cf57330198df72959c5"},
    {file = "regex-2025.10.23-cp314-cp314-macosx_11_0_arm64.whl", hash = "sha256:2ee3663f2c334959016b56e3bd0dd187cbc73f948e3a3af14c3caaa0c3035d10"},
    {file = "regex-2025.10.23-cp314-cp314-manylinux2014_aarch64.manylinux_2_17_aarch64.manylinux_2_28_aarch64.whl", hash = "sha256:2003cc82a579107e70d013482acce8ba773293f2db534fb532738395c557ff34"},
    {file = "regex-2025.10.23-cp314-cp314-manylinux2014_ppc64le.manylinux_2_17_ppc64le.manylinux_2_28_ppc64le.whl", hash = "sha256:182c452279365a93a9f45874f7f191ec1c51e1f1eb41bf2b16563f1a40c1da3a"},
    {file = "regex-2025.10.23-cp314-cp314-manylinux2014_s390x.manylinux_2_17_s390x.manylinux_2_28_s390x.whl", hash = "sha256:b1249e9ff581c5b658c8f0437f883b01f1edcf424a16388591e7c05e5e9e8b0c"},
    {file = "regex-2025.10.23-cp314-cp314-manylinux2014_x86_64.manylinux_2_17_x86_64.manylinux_2_28_x86_64.whl", hash = "sha256:2b841698f93db3ccc36caa1900d2a3be281d9539b822dc012f08fc80b46a3224"},
    {file = "regex-2025.10.23-cp314-cp314-musllinux_1_2_aarch64.whl", hash = "sha256:956d89e0c92d471e8f7eee73f73fdff5ed345886378c45a43175a77538a1ffe4"},
    {file = "regex-2025.10.23-cp314-cp314-musllinux_1_2_ppc64le.whl", hash = "sha256:5c259cb363299a0d90d63b5c0d7568ee98419861618a95ee9d91a41cb9954462"},
    {file = "regex-2025.10.23-cp314-cp314-musllinux_1_2_s390x.whl", hash = "sha256:185d2b18c062820b3a40d8fefa223a83f10b20a674bf6e8c4a432e8dfd844627"},
    {file = "regex-2025.10.23-cp314-cp314-musllinux_1_2_x86_64.whl", hash = "sha256:281d87fa790049c2b7c1b4253121edd80b392b19b5a3d28dc2a77579cb2a58ec"},
    {file = "regex-2025.10.23-cp314-cp314-win32.whl", hash = "sha256:63b81eef3656072e4ca87c58084c7a9c2b81d41a300b157be635a8a675aacfb8"},
    {file = "regex-2025.10.23-cp314-cp314-win_amd64.whl", hash = "sha256:0967c5b86f274800a34a4ed862dfab56928144d03cb18821c5153f8777947796"},
    {file = "regex-2025.10.23-cp314-cp314-win_arm64.whl", hash = "sha256:c70dfe58b0a00b36aa04cdb0f798bf3e0adc31747641f69e191109fd8572c9a9"},
    {file = "regex-2025.10.23-cp314-cp314t-macosx_10_13_universal2.whl", hash = "sha256:1f5799ea1787aa6de6c150377d11afad39a38afd033f0c5247aecb997978c422"},
    {file = "regex-2025.10.23-cp314-cp314t-macosx_10_13_x86_64.whl", hash = "sha256:a9639ab7540cfea45ef57d16dcbea2e22de351998d614c3ad2f9778fa3bdd788"},
    {file = "regex-2025.10.23-cp314-cp314t-macosx_11_0_arm64.whl", hash = "sha256:08f52122c352eb44c3421dab78b9b73a8a77a282cc8314ae576fcaa92b780d10"},
    {file = "regex-2025.10.23-cp314-cp314t-manylinux2014_aarch64.manylinux_2_17_aarch64.manylinux_2_28_aarch64.whl", hash = "sha256:ebf1baebef1c4088ad5a5623decec6b52950f0e4d7a0ae4d48f0a99f8c9cb7d7"},
    {file = "regex-2025.10.23-cp314-cp314t-manylinux2014_ppc64le.manylinux_2_17_ppc64le.manylinux_2_28_ppc64le.whl", hash = "sha256:16b0f1c2e2d566c562d5c384c2b492646be0a19798532fdc1fdedacc66e3223f"},
    {file = "regex-2025.10.23-cp314-cp314t-manylinux2014_s390x.manylinux_2_17_s390x.manylinux_2_28_s390x.whl", hash = "sha256:f7ada5d9dceafaab92646aa00c10a9efd9b09942dd9b0d7c5a4b73db92cc7e61"},
    {file = "regex-2025.10.23-cp314-cp314t-manylinux2014_x86_64.manylinux_2_17_x86_64.manylinux_2_28_x86_64.whl", hash = "sha256:3a36b4005770044bf08edecc798f0e41a75795b9e7c9c12fe29da8d792ef870c"},
    {file = "regex-2025.10.23-cp314-cp314t-musllinux_1_2_aarch64.whl", hash = "sha256:af7b2661dcc032da1fae82069b5ebf2ac1dfcd5359ef8b35e1367bfc92181432"},
    {file = "regex-2025.10.23-cp314-cp314t-musllinux_1_2_ppc64le.whl", hash = "sha256:1cb976810ac1416a67562c2e5ba0accf6f928932320fef302e08100ed681b38e"},
    {file = "regex-2025.10.23-cp314-cp314t-musllinux_1_2_s390x.whl", hash = "sha256:1a56a54be3897d62f54290190fbcd754bff6932934529fbf5b29933da28fcd43"},
    {file = "regex-2025.10.23-cp314-cp314t-musllinux_1_2_x86_64.whl", hash = "sha256:8f3e6d202fb52c2153f532043bbcf618fd177df47b0b306741eb9b60ba96edc3"},
    {file = "regex-2025.10.23-cp314-cp314t-win32.whl", hash = "sha256:1fa1186966b2621b1769fd467c7b22e317e6ba2d2cdcecc42ea3089ef04a8521"},
    {file = "regex-2025.10.23-cp314-cp314t-win_amd64.whl", hash = "sha256:08a15d40ce28362eac3e78e83d75475147869c1ff86bc93285f43b4f4431a741"},
    {file = "regex-2025.10.23-cp314-cp314t-win_arm64.whl", hash = "sha256:a93e97338e1c8ea2649e130dcfbe8cd69bba5e1e163834752ab64dcb4de6d5ed"},
    {file = "regex-2025.10.23-cp39-cp39-macosx_10_9_universal2.whl", hash = "sha256:d8d286760ee5b77fd21cf6b33cc45e0bffd1deeda59ca65b9be996f590a9828a"},
    {file = "regex-2025.10.23-cp39-cp39-macosx_10_9_x86_64.whl", hash = "sha256:9e72e3b84b170fec02193d32620a0a7060a22e52c46e45957dcd14742e0d28fb"},
    {file = "regex-2025.10.23-cp39-cp39-macosx_11_0_arm64.whl", hash = "sha256:ec506e8114fa12d21616deb44800f536d6bf2e1a69253dbf611f69af92395c99"},
    {file = "regex-2025.10.23-cp39-cp39-manylinux2014_aarch64.manylinux_2_17_aarch64.manylinux_2_28_aarch64.whl", hash = "sha256:d7e481f9710e8e24228ce2c77b41db7662a3f68853395da86a292b49dadca2aa"},
    {file = "regex-2025.10.23-cp39-cp39-manylinux2014_ppc64le.manylinux_2_17_ppc64le.manylinux_2_28_ppc64le.whl", hash = "sha256:4663ff2fc367735ae7b90b4f0e05b25554446df4addafc76fdaacaaa0ba852b5"},
    {file = "regex-2025.10.23-cp39-cp39-manylinux2014_s390x.manylinux_2_17_s390x.manylinux_2_28_s390x.whl", hash = "sha256:0879dd3251a42d2e9b938e1e03b1e9f60de90b4d153015193f5077a376a18439"},
    {file = "regex-2025.10.23-cp39-cp39-manylinux2014_x86_64.manylinux_2_17_x86_64.manylinux_2_28_x86_64.whl", hash = "sha256:651c58aecbab7e97bdf8ec76298a28d2bf2b6238c099ec6bf32e6d41e2f9a9cb"},
    {file = "regex-2025.10.23-cp39-cp39-manylinux2014_x86_64.manylinux_2_17_x86_64.whl", hash = "sha256:ceabc62a0e879169cd1bf066063bd6991c3e41e437628936a2ce66e0e2071c32"},
    {file = "regex-2025.10.23-cp39-cp39-musllinux_1_2_aarch64.whl", hash = "sha256:bfdf4e9aa3e7b7d02fda97509b4ceeed34542361694ecc0a81db1688373ecfbd"},
    {file = "regex-2025.10.23-cp39-cp39-musllinux_1_2_ppc64le.whl", hash = "sha256:92f565ff9beb9f51bc7cc8c578a7e92eb5c4576b69043a4c58cd05d73fda83c5"},
    {file = "regex-2025.10.23-cp39-cp39-musllinux_1_2_s390x.whl", hash = "sha256:abbea548b1076eaf8635caf1071c9d86efdf0fa74abe71fca26c05a2d64cda80"},
    {file = "regex-2025.10.23-cp39-cp39-musllinux_1_2_x86_64.whl", hash = "sha256:33535dcf34f47821381e341f7b715cbd027deda4223af4d3932adcd371d3192a"},
    {file = "regex-2025.10.23-cp39-cp39-win32.whl", hash = "sha256:345c9df49a15bf6460534b104b336581bc5f35c286cac526416e7a63d389b09b"},
    {file = "regex-2025.10.23-cp39-cp39-win_amd64.whl", hash = "sha256:f668fe1fd3358c5423355a289a4a003e58005ce829d217b828f80bd605a90145"},
    {file = "regex-2025.10.23-cp39-cp39-win_arm64.whl", hash = "sha256:07a3fd25d9074923e4d7258b551ae35ab6bdfe01904b8f0d5341c7d8b20eb18d"},
    {file = "regex-2025.10.23.tar.gz", hash = "sha256:8cbaf8ceb88f96ae2356d01b9adf5e6306fa42fa6f7eab6b97794e37c959ac26"},
]

[[package]]
name = "setuptools"
version = "80.9.0"
description = "Easily download, build, install, upgrade, and uninstall Python packages"
optional = false
python-versions = ">=3.9"
groups = ["main"]
files = [
    {file = "setuptools-80.9.0-py3-none-any.whl", hash = "sha256:062d34222ad13e0cc312a4c02d73f059e86a4acbfbdea8f8f76b28c99f306922"},
    {file = "setuptools-80.9.0.tar.gz", hash = "sha256:f36b47402ecde768dbfafc46e8e4207b4360c654f1f3bb84475f0a28628fb19c"},
]

[package.extras]
check = ["pytest-checkdocs (>=2.4)", "pytest-ruff (>=0.2.1) ; sys_platform != \"cygwin\"", "ruff (>=0.8.0) ; sys_platform != \"cygwin\""]
core = ["importlib_metadata (>=6) ; python_version < \"3.10\"", "jaraco.functools (>=4)", "jaraco.text (>=3.7)", "more_itertools", "more_itertools (>=8.8)", "packaging (>=24.2)", "platformdirs (>=4.2.2)", "tomli (>=2.0.1) ; python_version < \"3.11\"", "wheel (>=0.43.0)"]
cover = ["pytest-cov"]
doc = ["furo", "jaraco.packaging (>=9.3)", "jaraco.tidelift (>=1.4)", "pygments-github-lexers (==0.0.5)", "pyproject-hooks (!=1.1)", "rst.linker (>=1.9)", "sphinx (>=3.5)", "sphinx-favicon", "sphinx-inline-tabs", "sphinx-lint", "sphinx-notfound-page (>=1,<2)", "sphinx-reredirects", "sphinxcontrib-towncrier", "towncrier (<24.7)"]
enabler = ["pytest-enabler (>=2.2)"]
test = ["build[virtualenv] (>=1.0.3)", "filelock (>=3.4.0)", "ini2toml[lite] (>=0.14)", "jaraco.develop (>=7.21) ; python_version >= \"3.9\" and sys_platform != \"cygwin\"", "jaraco.envs (>=2.2)", "jaraco.path (>=3.7.2)", "jaraco.test (>=5.5)", "packaging (>=24.2)", "pip (>=19.1)", "pyproject-hooks (!=1.1)", "pytest (>=6,!=8.1.*)", "pytest-home (>=0.5)", "pytest-perf ; sys_platform != \"cygwin\"", "pytest-subprocess", "pytest-timeout", "pytest-xdist (>=3)", "tomli-w (>=1.0.0)", "virtualenv (>=13.0.0)", "wheel (>=0.44.0)"]
type = ["importlib_metadata (>=7.0.2) ; python_version < \"3.10\"", "jaraco.develop (>=7.21) ; sys_platform != \"cygwin\"", "mypy (==1.14.*)", "pytest-mypy"]

[[package]]
name = "tqdm"
version = "4.67.1"
description = "Fast, Extensible Progress Meter"
optional = false
python-versions = ">=3.7"
groups = ["main"]
files = [
    {file = "tqdm-4.67.1-py3-none-any.whl", hash = "sha256:26445eca388f82e72884e0d580d5464cd801a3ea01e63e5601bdff9ba6a48de2"},
    {file = "tqdm-4.67.1.tar.gz", hash = "sha256:f8aef9c52c08c13a65f30ea34f4e5aac3fd1a34959879d7e59e63027286627f2"},
]

[package.dependencies]
colorama = {version = "*", markers = "platform_system == \"Windows\""}

[package.extras]
dev = ["nbval", "pytest (>=6)", "pytest-asyncio (>=0.24)", "pytest-cov", "pytest-timeout"]
discord = ["requests"]
notebook = ["ipywidgets (>=6)"]
slack = ["slack-sdk"]
telegram = ["requests"]

[[package]]
name = "whoosh"
version = "2.7.4"
description = "Fast, pure-Python full text indexing, search, and spell checking library."
optional = false
python-versions = "*"
groups = ["main"]
files = [
    {file = "Whoosh-2.7.4-py2.py3-none-any.whl", hash = "sha256:aa39c3c3426e3fd107dcb4bde64ca1e276a65a889d9085a6e4b54ba82420a852"},
    {file = "Whoosh-2.7.4.tar.gz", hash = "sha256:7ca5633dbfa9e0e0fa400d3151a8a0c4bec53bd2ecedc0a67705b17565c31a83"},
    {file = "Whoosh-2.7.4.zip", hash = "sha256:e0857375f63e9041e03fedd5b7541f97cf78917ac1b6b06c1fcc9b45375dda69"},
]

[metadata]
lock-version = "2.1"
python-versions = ">=3.11,<4.0"
content-hash = "ffb9a79a65bb4073ad7e67e92eff0e351568555239f47f88b4298fe6655d6987"
